
Microsoft Visual Studio Solution File, Format Version 12.00
# Visual Studio Version 16
VisualStudioVersion = 16.0.30104.148
MinimumVisualStudioVersion = 10.0.40219.1
Project("{FAE04EC0-301F-11D3-BF4B-00C04F79EFBC}") = "NanoMixer", "NanoMixer\NanoMixer.csproj", "{61084697-445E-48A9-BF4A-E8C5F79BD981}"
EndProject
Global
	GlobalSection(SolutionConfigurationPlatforms) = preSolution
		Debug|Any CPU = Debug|Any CPU
		Release|Any CPU = Release|Any CPU
	EndGlobalSection
	GlobalSection(ProjectConfigurationPlatforms) = postSolution
		{61084697-445E-48A9-BF4A-E8C5F79BD981}.Debug|Any CPU.ActiveCfg = Debug|Any CPU
		{61084697-445E-48A9-BF4A-E8C5F79BD981}.Debug|Any CPU.Build.0 = Debug|Any CPU
		{61084697-445E-48A9-BF4A-E8C5F79BD981}.Release|Any CPU.ActiveCfg = Release|Any CPU
		{61084697-445E-48A9-BF4A-E8C5F79BD981}.Release|Any CPU.Build.0 = Release|Any CPU
	EndGlobalSection
	GlobalSection(SolutionProperties) = preSolution
		HideSolutionNode = FALSE
	EndGlobalSection
	GlobalSection(ExtensibilityGlobals) = postSolution
		SolutionGuid = {BCB9077D-7561-4C69-85F6-FDAF0E811410}
	EndGlobalSection
EndGlobal
